
Microsoft Visual Studio Solution File, Format Version 11.00
# Visual Studio 2010
Project("{8BC9CEB8-8B4A-11D0-8D11-00A0C91BC942}") = "CmnCtrl1", "CmnCtrl1\CmnCtrl1.vcxproj", "{736AE1A6-14A7-490D-A8B6-8EB0B6A18955}"
EndProject
Project("{8BC9CEB8-8B4A-11D0-8D11-00A0C91BC942}") = "CmnCtrl2", "CmnCtrl2\CmnCtrl2.vcxproj", "{736AE1A6-14A7-490D-A8B6-8EB0B6A18956}"
EndProject
Project("{8BC9CEB8-8B4A-11D0-8D11-00A0C91BC942}") = "RebarTest", "RebarTest\RebarTest.vcxproj", "{5F7FB397-DEAD-429A-B097-09B0CCEFBC6D}"
EndProject
Project("{8BC9CEB8-8B4A-11D0-8D11-00A0C91BC942}") = "TrayMenu", "TrayMenu\TrayMenu.vcxproj", "{34545473-46B9-42A8-A54E-575BED25C115}"
EndProject
Project("{8BC9CEB8-8B4A-11D0-8D11-00A0C91BC942}") = "BCDialogMenu", "BCDialogMenu303\BCDialogMenu.vcxproj", "{02AF49AE-C976-A9E8-C97B-E6E7651CD3FE}"
EndProject
Project("{8BC9CEB8-8B4A-11D0-8D11-00A0C91BC942}") = "RowList", "rowlist\rowlist.vcxproj", "{736AE1A6-14A7-490D-A8B6-8EB0B6A18969}"
EndProject
Project("{FAE04EC0-301F-11D3-BF4B-00C04F79EFBC}") = "WpfControls", "WpfControls\WpfControls.csproj", "{7BFFF9CE-4D9D-4031-AC65-29391D21E2A6}"
EndProject
Global
	GlobalSection(SolutionConfigurationPlatforms) = preSolution
		Debug|Any CPU = Debug|Any CPU
		Debug|Mixed Platforms = Debug|Mixed Platforms
		Debug|Win32 = Debug|Win32
		Debug|x64 = Debug|x64
		Debug|x86 = Debug|x86
		Release|Any CPU = Release|Any CPU
		Release|Mixed Platforms = Release|Mixed Platforms
		Release|Win32 = Release|Win32
		Release|x64 = Release|x64
		Release|x86 = Release|x86
	EndGlobalSection
	GlobalSection(ProjectConfigurationPlatforms) = postSolution
		{736AE1A6-14A7-490D-A8B6-8EB0B6A18955}.Debug|Any CPU.ActiveCfg = Debug|x64
		{736AE1A6-14A7-490D-A8B6-8EB0B6A18955}.Debug|Mixed Platforms.ActiveCfg = Debug|x64
		{736AE1A6-14A7-490D-A8B6-8EB0B6A18955}.Debug|Mixed Platforms.Build.0 = Debug|x64
		{736AE1A6-14A7-490D-A8B6-8EB0B6A18955}.Debug|Win32.ActiveCfg = Debug|Win32
		{736AE1A6-14A7-490D-A8B6-8EB0B6A18955}.Debug|Win32.Build.0 = Debug|Win32
		{736AE1A6-14A7-490D-A8B6-8EB0B6A18955}.Debug|x64.ActiveCfg = Debug|x64
		{736AE1A6-14A7-490D-A8B6-8EB0B6A18955}.Debug|x64.Build.0 = Debug|x64
		{736AE1A6-14A7-490D-A8B6-8EB0B6A18955}.Debug|x86.ActiveCfg = Debug|x64
		{736AE1A6-14A7-490D-A8B6-8EB0B6A18955}.Release|Any CPU.ActiveCfg = Release|x64
		{736AE1A6-14A7-490D-A8B6-8EB0B6A18955}.Release|Mixed Platforms.ActiveCfg = Release|x64
		{736AE1A6-14A7-490D-A8B6-8EB0B6A18955}.Release|Mixed Platforms.Build.0 = Release|x64
		{736AE1A6-14A7-490D-A8B6-8EB0B6A18955}.Release|Win32.ActiveCfg = Release|Win32
		{736AE1A6-14A7-490D-A8B6-8EB0B6A18955}.Release|Win32.Build.0 = Release|Win32
		{736AE1A6-14A7-490D-A8B6-8EB0B6A18955}.Release|x64.ActiveCfg = Release|x64
		{736AE1A6-14A7-490D-A8B6-8EB0B6A18955}.Release|x64.Build.0 = Release|x64
		{736AE1A6-14A7-490D-A8B6-8EB0B6A18955}.Release|x86.ActiveCfg = Release|Win32
		{736AE1A6-14A7-490D-A8B6-8EB0B6A18955}.Release|x86.Build.0 = Release|Win32
		{736AE1A6-14A7-490D-A8B6-8EB0B6A18956}.Debug|Any CPU.ActiveCfg = Debug|x64
		{736AE1A6-14A7-490D-A8B6-8EB0B6A18956}.Debug|Mixed Platforms.ActiveCfg = Debug|x64
		{736AE1A6-14A7-490D-A8B6-8EB0B6A18956}.Debug|Mixed Platforms.Build.0 = Debug|x64
		{736AE1A6-14A7-490D-A8B6-8EB0B6A18956}.Debug|Win32.ActiveCfg = Debug|Win32
		{736AE1A6-14A7-490D-A8B6-8EB0B6A18956}.Debug|Win32.Build.0 = Debug|Win32
		{736AE1A6-14A7-490D-A8B6-8EB0B6A18956}.Debug|x64.ActiveCfg = Debug|x64
		{736AE1A6-14A7-490D-A8B6-8EB0B6A18956}.Debug|x64.Build.0 = Debug|x64
		{736AE1A6-14A7-490D-A8B6-8EB0B6A18956}.Debug|x86.ActiveCfg = Debug|x64
		{736AE1A6-14A7-490D-A8B6-8EB0B6A18956}.Release|Any CPU.ActiveCfg = Release|x64
		{736AE1A6-14A7-490D-A8B6-8EB0B6A18956}.Release|Mixed Platforms.ActiveCfg = Release|x64
		{736AE1A6-14A7-490D-A8B6-8EB0B6A18956}.Release|Mixed Platforms.Build.0 = Release|x64
		{736AE1A6-14A7-490D-A8B6-8EB0B6A18956}.Release|Win32.ActiveCfg = Release|Win32
		{736AE1A6-14A7-490D-A8B6-8EB0B6A18956}.Release|Win32.Build.0 = Release|Win32
		{736AE1A6-14A7-490D-A8B6-8EB0B6A18956}.Release|x64.ActiveCfg = Release|x64
		{736AE1A6-14A7-490D-A8B6-8EB0B6A18956}.Release|x64.Build.0 = Release|x64
		{736AE1A6-14A7-490D-A8B6-8EB0B6A18956}.Release|x86.ActiveCfg = Release|Win32
		{736AE1A6-14A7-490D-A8B6-8EB0B6A18956}.Release|x86.Build.0 = Release|Win32
		{5F7FB397-DEAD-429A-B097-09B0CCEFBC6D}.Debug|Any CPU.ActiveCfg = Debug|x64
		{5F7FB397-DEAD-429A-B097-09B0CCEFBC6D}.Debug|Mixed Platforms.ActiveCfg = Debug|x64
		{5F7FB397-DEAD-429A-B097-09B0CCEFBC6D}.Debug|Mixed Platforms.Build.0 = Debug|x64
		{5F7FB397-DEAD-429A-B097-09B0CCEFBC6D}.Debug|Win32.ActiveCfg = Debug|Win32
		{5F7FB397-DEAD-429A-B097-09B0CCEFBC6D}.Debug|Win32.Build.0 = Debug|Win32
		{5F7FB397-DEAD-429A-B097-09B0CCEFBC6D}.Debug|x64.ActiveCfg = Debug|x64
		{5F7FB397-DEAD-429A-B097-09B0CCEFBC6D}.Debug|x64.Build.0 = Debug|x64
		{5F7FB397-DEAD-429A-B097-09B0CCEFBC6D}.Debug|x86.ActiveCfg = Debug|x64
		{5F7FB397-DEAD-429A-B097-09B0CCEFBC6D}.Release|Any CPU.ActiveCfg = Release|x64
		{5F7FB397-DEAD-429A-B097-09B0CCEFBC6D}.Release|Mixed Platforms.ActiveCfg = Release|x64
		{5F7FB397-DEAD-429A-B097-09B0CCEFBC6D}.Release|Mixed Platforms.Build.0 = Release|x64
		{5F7FB397-DEAD-429A-B097-09B0CCEFBC6D}.Release|Win32.ActiveCfg = Release|Win32
		{5F7FB397-DEAD-429A-B097-09B0CCEFBC6D}.Release|Win32.Build.0 = Release|Win32
		{5F7FB397-DEAD-429A-B097-09B0CCEFBC6D}.Release|x64.ActiveCfg = Release|x64
		{5F7FB397-DEAD-429A-B097-09B0CCEFBC6D}.Release|x64.Build.0 = Release|x64
		{5F7FB397-DEAD-429A-B097-09B0CCEFBC6D}.Release|x86.ActiveCfg = Release|Win32
		{5F7FB397-DEAD-429A-B097-09B0CCEFBC6D}.Release|x86.Build.0 = Release|Win32
		{34545473-46B9-42A8-A54E-575BED25C115}.Debug|Any CPU.ActiveCfg = Debug|x64
		{34545473-46B9-42A8-A54E-575BED25C115}.Debug|Mixed Platforms.ActiveCfg = Debug|x64
		{34545473-46B9-42A8-A54E-575BED25C115}.Debug|Mixed Platforms.Build.0 = Debug|x64
		{34545473-46B9-42A8-A54E-575BED25C115}.Debug|Win32.ActiveCfg = Debug|Win32
		{34545473-46B9-42A8-A54E-575BED25C115}.Debug|Win32.Build.0 = Debug|Win32
		{34545473-46B9-42A8-A54E-575BED25C115}.Debug|x64.ActiveCfg = Debug|x64
		{34545473-46B9-42A8-A54E-575BED25C115}.Debug|x64.Build.0 = Debug|x64
		{34545473-46B9-42A8-A54E-575BED25C115}.Debug|x86.ActiveCfg = Debug|x64
		{34545473-46B9-42A8-A54E-575BED25C115}.Release|Any CPU.ActiveCfg = Release|x64
		{34545473-46B9-42A8-A54E-575BED25C115}.Release|Mixed Platforms.ActiveCfg = Release|x64
		{34545473-46B9-42A8-A54E-575BED25C115}.Release|Mixed Platforms.Build.0 = Release|x64
		{34545473-46B9-42A8-A54E-575BED25C115}.Release|Win32.ActiveCfg = Release|Win32
		{34545473-46B9-42A8-A54E-575BED25C115}.Release|Win32.Build.0 = Release|Win32
		{34545473-46B9-42A8-A54E-575BED25C115}.Release|x64.ActiveCfg = Release|x64
		{34545473-46B9-42A8-A54E-575BED25C115}.Release|x64.Build.0 = Release|x64
		{34545473-46B9-42A8-A54E-575BED25C115}.Release|x86.ActiveCfg = Release|Win32
		{34545473-46B9-42A8-A54E-575BED25C115}.Release|x86.Build.0 = Release|Win32
		{02AF49AE-C976-A9E8-C97B-E6E7651CD3FE}.Debug|Any CPU.ActiveCfg = Debug|x64
		{02AF49AE-C976-A9E8-C97B-E6E7651CD3FE}.Debug|Mixed Platforms.ActiveCfg = Debug|x64
		{02AF49AE-C976-A9E8-C97B-E6E7651CD3FE}.Debug|Mixed Platforms.Build.0 = Debug|x64
		{02AF49AE-C976-A9E8-C97B-E6E7651CD3FE}.Debug|Win32.ActiveCfg = Debug|Win32
		{02AF49AE-C976-A9E8-C97B-E6E7651CD3FE}.Debug|Win32.Build.0 = Debug|Win32
		{02AF49AE-C976-A9E8-C97B-E6E7651CD3FE}.Debug|x64.ActiveCfg = Debug|Win32
		{02AF49AE-C976-A9E8-C97B-E6E7651CD3FE}.Debug|x86.ActiveCfg = Debug|x64
		{02AF49AE-C976-A9E8-C97B-E6E7651CD3FE}.Release|Any CPU.ActiveCfg = Release|x64
		{02AF49AE-C976-A9E8-C97B-E6E7651CD3FE}.Release|Mixed Platforms.ActiveCfg = Release|x64
		{02AF49AE-C976-A9E8-C97B-E6E7651CD3FE}.Release|Mixed Platforms.Build.0 = Release|x64
		{02AF49AE-C976-A9E8-C97B-E6E7651CD3FE}.Release|Win32.ActiveCfg = Release|Win32
		{02AF49AE-C976-A9E8-C97B-E6E7651CD3FE}.Release|Win32.Build.0 = Release|Win32
		{02AF49AE-C976-A9E8-C97B-E6E7651CD3FE}.Release|x64.ActiveCfg = Release|x64
		{02AF49AE-C976-A9E8-C97B-E6E7651CD3FE}.Release|x64.Build.0 = Release|x64
		{02AF49AE-C976-A9E8-C97B-E6E7651CD3FE}.Release|x86.ActiveCfg = Release|Win32
		{02AF49AE-C976-A9E8-C97B-E6E7651CD3FE}.Release|x86.Build.0 = Release|Win32
		{736AE1A6-14A7-490D-A8B6-8EB0B6A18969}.Debug|Any CPU.ActiveCfg = Debug|x64
		{736AE1A6-14A7-490D-A8B6-8EB0B6A18969}.Debug|Mixed Platforms.ActiveCfg = Debug|x64
		{736AE1A6-14A7-490D-A8B6-8EB0B6A18969}.Debug|Mixed Platforms.Build.0 = Debug|x64
		{736AE1A6-14A7-490D-A8B6-8EB0B6A18969}.Debug|Win32.ActiveCfg = Debug|Win32
		{736AE1A6-14A7-490D-A8B6-8EB0B6A18969}.Debug|Win32.Build.0 = Debug|Win32
		{736AE1A6-14A7-490D-A8B6-8EB0B6A18969}.Debug|x64.ActiveCfg = Debug|x64
		{736AE1A6-14A7-490D-A8B6-8EB0B6A18969}.Debug|x64.Build.0 = Debug|x64
		{736AE1A6-14A7-490D-A8B6-8EB0B6A18969}.Debug|x86.ActiveCfg = Debug|x64
		{736AE1A6-14A7-490D-A8B6-8EB0B6A18969}.Release|Any CPU.ActiveCfg = Release|x64
		{736AE1A6-14A7-490D-A8B6-8EB0B6A18969}.Release|Mixed Platforms.ActiveCfg = Release|x64
		{736AE1A6-14A7-490D-A8B6-8EB0B6A18969}.Release|Mixed Platforms.Build.0 = Release|x64
		{736AE1A6-14A7-490D-A8B6-8EB0B6A18969}.Release|Win32.ActiveCfg = Release|Win32
		{736AE1A6-14A7-490D-A8B6-8EB0B6A18969}.Release|Win32.Build.0 = Release|Win32
		{736AE1A6-14A7-490D-A8B6-8EB0B6A18969}.Release|x64.ActiveCfg = Release|x64
		{736AE1A6-14A7-490D-A8B6-8EB0B6A18969}.Release|x64.Build.0 = Release|x64
		{736AE1A6-14A7-490D-A8B6-8EB0B6A18969}.Release|x86.ActiveCfg = Release|Win32
		{736AE1A6-14A7-490D-A8B6-8EB0B6A18969}.Release|x86.Build.0 = Release|Win32
		{7BFFF9CE-4D9D-4031-AC65-29391D21E2A6}.Debug|Any CPU.ActiveCfg = Debug|Any CPU
		{7BFFF9CE-4D9D-4031-AC65-29391D21E2A6}.Debug|Any CPU.Build.0 = Debug|Any CPU
		{7BFFF9CE-4D9D-4031-AC65-29391D21E2A6}.Debug|Mixed Platforms.ActiveCfg = Debug|Any CPU
		{7BFFF9CE-4D9D-4031-AC65-29391D21E2A6}.Debug|Mixed Platforms.Build.0 = Debug|Any CPU
		{7BFFF9CE-4D9D-4031-AC65-29391D21E2A6}.Debug|Win32.ActiveCfg = Debug|Any CPU
		{7BFFF9CE-4D9D-4031-AC65-29391D21E2A6}.Debug|x64.ActiveCfg = Debug|x86
		{7BFFF9CE-4D9D-4031-AC65-29391D21E2A6}.Debug|x86.ActiveCfg = Debug|x86
		{7BFFF9CE-4D9D-4031-AC65-29391D21E2A6}.Debug|x86.Build.0 = Debug|x86
		{7BFFF9CE-4D9D-4031-AC65-29391D21E2A6}.Release|Any CPU.ActiveCfg = Release|Any CPU
		{7BFFF9CE-4D9D-4031-AC65-29391D21E2A6}.Release|Any CPU.Build.0 = Release|Any CPU
		{7BFFF9CE-4D9D-4031-AC65-29391D21E2A6}.Release|Mixed Platforms.ActiveCfg = Release|Any CPU
		{7BFFF9CE-4D9D-4031-AC65-29391D21E2A6}.Release|Mixed Platforms.Build.0 = Release|Any CPU
		{7BFFF9CE-4D9D-4031-AC65-29391D21E2A6}.Release|Win32.ActiveCfg = Release|Any CPU
		{7BFFF9CE-4D9D-4031-AC65-29391D21E2A6}.Release|x64.ActiveCfg = Release|Any CPU
		{7BFFF9CE-4D9D-4031-AC65-29391D21E2A6}.Release|x64.Build.0 = Release|Any CPU
		{7BFFF9CE-4D9D-4031-AC65-29391D21E2A6}.Release|x86.ActiveCfg = Release|x86
		{7BFFF9CE-4D9D-4031-AC65-29391D21E2A6}.Release|x86.Build.0 = Release|x86
	EndGlobalSection
	GlobalSection(SolutionProperties) = preSolution
		HideSolutionNode = FALSE
	EndGlobalSection
EndGlobal
