
Microsoft Visual Studio Solution File, Format Version 12.00
# Visual Studio 15
VisualStudioVersion = 15.0.27130.2010
MinimumVisualStudioVersion = 10.0.40219.1
Project("{8BC9CEB8-8B4A-11D0-8D11-00A0C91BC942}") = "CmnCtrl1", "CmnCtrl1\CmnCtrl1.vcxproj", "{736AE1A6-14A7-490D-A8B6-8EB0B6A18955}"
EndProject
Project("{8BC9CEB8-8B4A-11D0-8D11-00A0C91BC942}") = "CmnCtrl2", "CmnCtrl2\CmnCtrl2.vcxproj", "{736AE1A6-14A7-490D-A8B6-8EB0B6A18956}"
EndProject
Project("{8BC9CEB8-8B4A-11D0-8D11-00A0C91BC942}") = "RebarTest", "RebarTest\RebarTest.vcxproj", "{5F7FB397-DEAD-429A-B097-09B0CCEFBC6D}"
EndProject
Project("{8BC9CEB8-8B4A-11D0-8D11-00A0C91BC942}") = "TrayMenu", "TrayMenu\TrayMenu.vcxproj", "{34545473-46B9-42A8-A54E-575BED25C115}"
EndProject
Project("{8BC9CEB8-8B4A-11D0-8D11-00A0C91BC942}") = "BCDialogMenu", "BCDialogMenu303\BCDialogMenu.vcxproj", "{02AF49AE-C976-A9E8-C97B-E6E7651CD3FE}"
EndProject
Project("{8BC9CEB8-8B4A-11D0-8D11-00A0C91BC942}") = "RowList", "rowlist\rowlist.vcxproj", "{736AE1A6-14A7-490D-A8B6-8EB0B6A18969}"
EndProject
Project("{FAE04EC0-301F-11D3-BF4B-00C04F79EFBC}") = "WpfControls", "WpfControls\WpfControls.csproj", "{7BFFF9CE-4D9D-4031-AC65-29391D21E2A6}"
EndProject
Project("{FAE04EC0-301F-11D3-BF4B-00C04F79EFBC}") = "DataGridView", "DataGridViewEx\DataGridView\DataGridView.csproj", "{1CC0F417-DC60-4FCB-B54B-D947F5B9E587}"
EndProject
Project("{FAE04EC0-301F-11D3-BF4B-00C04F79EFBC}") = "ListViewEx", "ListViewEx\ListViewEx.csproj", "{35A5C415-0906-4AC7-B0F6-FE3CCA884AD9}"
EndProject
Project("{FAE04EC0-301F-11D3-BF4B-00C04F79EFBC}") = "Benchmark", "Benchmark\Benchmark\Benchmark.csproj", "{2EC1EB15-69FB-40DB-A698-3EE6C32535CE}"
EndProject
Global
	GlobalSection(SolutionConfigurationPlatforms) = preSolution
		Debug|Any CPU = Debug|Any CPU
		Debug|Mixed Platforms = Debug|Mixed Platforms
		Debug|x64 = Debug|x64
		Debug|x86 = Debug|x86
		Release|Any CPU = Release|Any CPU
		Release|Mixed Platforms = Release|Mixed Platforms
		Release|x64 = Release|x64
		Release|x86 = Release|x86
	EndGlobalSection
	GlobalSection(ProjectConfigurationPlatforms) = postSolution
		{736AE1A6-14A7-490D-A8B6-8EB0B6A18955}.Debug|Any CPU.ActiveCfg = Debug|x64
		{736AE1A6-14A7-490D-A8B6-8EB0B6A18955}.Debug|Mixed Platforms.ActiveCfg = Debug|x64
		{736AE1A6-14A7-490D-A8B6-8EB0B6A18955}.Debug|Mixed Platforms.Build.0 = Debug|x64
		{736AE1A6-14A7-490D-A8B6-8EB0B6A18955}.Debug|x64.ActiveCfg = Debug|x64
		{736AE1A6-14A7-490D-A8B6-8EB0B6A18955}.Debug|x64.Build.0 = Debug|x64
		{736AE1A6-14A7-490D-A8B6-8EB0B6A18955}.Debug|x86.ActiveCfg = Debug|x64
		{736AE1A6-14A7-490D-A8B6-8EB0B6A18955}.Release|Any CPU.ActiveCfg = Release|x64
		{736AE1A6-14A7-490D-A8B6-8EB0B6A18955}.Release|Mixed Platforms.ActiveCfg = Release|x64
		{736AE1A6-14A7-490D-A8B6-8EB0B6A18955}.Release|Mixed Platforms.Build.0 = Release|x64
		{736AE1A6-14A7-490D-A8B6-8EB0B6A18955}.Release|x64.ActiveCfg = Release|x64
		{736AE1A6-14A7-490D-A8B6-8EB0B6A18955}.Release|x64.Build.0 = Release|x64
		{736AE1A6-14A7-490D-A8B6-8EB0B6A18955}.Release|x86.ActiveCfg = Release|Win32
		{736AE1A6-14A7-490D-A8B6-8EB0B6A18955}.Release|x86.Build.0 = Release|Win32
		{736AE1A6-14A7-490D-A8B6-8EB0B6A18956}.Debug|Any CPU.ActiveCfg = Debug|x64
		{736AE1A6-14A7-490D-A8B6-8EB0B6A18956}.Debug|Mixed Platforms.ActiveCfg = Debug|x64
		{736AE1A6-14A7-490D-A8B6-8EB0B6A18956}.Debug|Mixed Platforms.Build.0 = Debug|x64
		{736AE1A6-14A7-490D-A8B6-8EB0B6A18956}.Debug|x64.ActiveCfg = Debug|x64
		{736AE1A6-14A7-490D-A8B6-8EB0B6A18956}.Debug|x64.Build.0 = Debug|x64
		{736AE1A6-14A7-490D-A8B6-8EB0B6A18956}.Debug|x86.ActiveCfg = Debug|x64
		{736AE1A6-14A7-490D-A8B6-8EB0B6A18956}.Release|Any CPU.ActiveCfg = Release|x64
		{736AE1A6-14A7-490D-A8B6-8EB0B6A18956}.Release|Mixed Platforms.ActiveCfg = Release|x64
		{736AE1A6-14A7-490D-A8B6-8EB0B6A18956}.Release|Mixed Platforms.Build.0 = Release|x64
		{736AE1A6-14A7-490D-A8B6-8EB0B6A18956}.Release|x64.ActiveCfg = Release|x64
		{736AE1A6-14A7-490D-A8B6-8EB0B6A18956}.Release|x64.Build.0 = Release|x64
		{736AE1A6-14A7-490D-A8B6-8EB0B6A18956}.Release|x86.ActiveCfg = Release|Win32
		{736AE1A6-14A7-490D-A8B6-8EB0B6A18956}.Release|x86.Build.0 = Release|Win32
		{5F7FB397-DEAD-429A-B097-09B0CCEFBC6D}.Debug|Any CPU.ActiveCfg = Debug|x64
		{5F7FB397-DEAD-429A-B097-09B0CCEFBC6D}.Debug|Mixed Platforms.ActiveCfg = Debug|x64
		{5F7FB397-DEAD-429A-B097-09B0CCEFBC6D}.Debug|Mixed Platforms.Build.0 = Debug|x64
		{5F7FB397-DEAD-429A-B097-09B0CCEFBC6D}.Debug|x64.ActiveCfg = Debug|x64
		{5F7FB397-DEAD-429A-B097-09B0CCEFBC6D}.Debug|x64.Build.0 = Debug|x64
		{5F7FB397-DEAD-429A-B097-09B0CCEFBC6D}.Debug|x86.ActiveCfg = Debug|x64
		{5F7FB397-DEAD-429A-B097-09B0CCEFBC6D}.Release|Any CPU.ActiveCfg = Release|x64
		{5F7FB397-DEAD-429A-B097-09B0CCEFBC6D}.Release|Mixed Platforms.ActiveCfg = Release|x64
		{5F7FB397-DEAD-429A-B097-09B0CCEFBC6D}.Release|Mixed Platforms.Build.0 = Release|x64
		{5F7FB397-DEAD-429A-B097-09B0CCEFBC6D}.Release|x64.ActiveCfg = Release|x64
		{5F7FB397-DEAD-429A-B097-09B0CCEFBC6D}.Release|x64.Build.0 = Release|x64
		{5F7FB397-DEAD-429A-B097-09B0CCEFBC6D}.Release|x86.ActiveCfg = Release|Win32
		{5F7FB397-DEAD-429A-B097-09B0CCEFBC6D}.Release|x86.Build.0 = Release|Win32
		{34545473-46B9-42A8-A54E-575BED25C115}.Debug|Any CPU.ActiveCfg = Debug|x64
		{34545473-46B9-42A8-A54E-575BED25C115}.Debug|Mixed Platforms.ActiveCfg = Debug|x64
		{34545473-46B9-42A8-A54E-575BED25C115}.Debug|Mixed Platforms.Build.0 = Debug|x64
		{34545473-46B9-42A8-A54E-575BED25C115}.Debug|x64.ActiveCfg = Debug|x64
		{34545473-46B9-42A8-A54E-575BED25C115}.Debug|x64.Build.0 = Debug|x64
		{34545473-46B9-42A8-A54E-575BED25C115}.Debug|x86.ActiveCfg = Debug|x64
		{34545473-46B9-42A8-A54E-575BED25C115}.Release|Any CPU.ActiveCfg = Release|x64
		{34545473-46B9-42A8-A54E-575BED25C115}.Release|Mixed Platforms.ActiveCfg = Release|x64
		{34545473-46B9-42A8-A54E-575BED25C115}.Release|Mixed Platforms.Build.0 = Release|x64
		{34545473-46B9-42A8-A54E-575BED25C115}.Release|x64.ActiveCfg = Release|x64
		{34545473-46B9-42A8-A54E-575BED25C115}.Release|x64.Build.0 = Release|x64
		{34545473-46B9-42A8-A54E-575BED25C115}.Release|x86.ActiveCfg = Release|Win32
		{34545473-46B9-42A8-A54E-575BED25C115}.Release|x86.Build.0 = Release|Win32
		{02AF49AE-C976-A9E8-C97B-E6E7651CD3FE}.Debug|Any CPU.ActiveCfg = Debug|x64
		{02AF49AE-C976-A9E8-C97B-E6E7651CD3FE}.Debug|Mixed Platforms.ActiveCfg = Debug|x64
		{02AF49AE-C976-A9E8-C97B-E6E7651CD3FE}.Debug|Mixed Platforms.Build.0 = Debug|x64
		{02AF49AE-C976-A9E8-C97B-E6E7651CD3FE}.Debug|x64.ActiveCfg = Debug|Win32
		{02AF49AE-C976-A9E8-C97B-E6E7651CD3FE}.Debug|x86.ActiveCfg = Debug|x64
		{02AF49AE-C976-A9E8-C97B-E6E7651CD3FE}.Release|Any CPU.ActiveCfg = Release|x64
		{02AF49AE-C976-A9E8-C97B-E6E7651CD3FE}.Release|Mixed Platforms.ActiveCfg = Release|x64
		{02AF49AE-C976-A9E8-C97B-E6E7651CD3FE}.Release|Mixed Platforms.Build.0 = Release|x64
		{02AF49AE-C976-A9E8-C97B-E6E7651CD3FE}.Release|x64.ActiveCfg = Release|x64
		{02AF49AE-C976-A9E8-C97B-E6E7651CD3FE}.Release|x64.Build.0 = Release|x64
		{02AF49AE-C976-A9E8-C97B-E6E7651CD3FE}.Release|x86.ActiveCfg = Release|Win32
		{02AF49AE-C976-A9E8-C97B-E6E7651CD3FE}.Release|x86.Build.0 = Release|Win32
		{736AE1A6-14A7-490D-A8B6-8EB0B6A18969}.Debug|Any CPU.ActiveCfg = Debug|x64
		{736AE1A6-14A7-490D-A8B6-8EB0B6A18969}.Debug|Mixed Platforms.ActiveCfg = Debug|x64
		{736AE1A6-14A7-490D-A8B6-8EB0B6A18969}.Debug|Mixed Platforms.Build.0 = Debug|x64
		{736AE1A6-14A7-490D-A8B6-8EB0B6A18969}.Debug|x64.ActiveCfg = Debug|x64
		{736AE1A6-14A7-490D-A8B6-8EB0B6A18969}.Debug|x64.Build.0 = Debug|x64
		{736AE1A6-14A7-490D-A8B6-8EB0B6A18969}.Debug|x86.ActiveCfg = Debug|x64
		{736AE1A6-14A7-490D-A8B6-8EB0B6A18969}.Release|Any CPU.ActiveCfg = Release|x64
		{736AE1A6-14A7-490D-A8B6-8EB0B6A18969}.Release|Mixed Platforms.ActiveCfg = Release|x64
		{736AE1A6-14A7-490D-A8B6-8EB0B6A18969}.Release|Mixed Platforms.Build.0 = Release|x64
		{736AE1A6-14A7-490D-A8B6-8EB0B6A18969}.Release|x64.ActiveCfg = Release|x64
		{736AE1A6-14A7-490D-A8B6-8EB0B6A18969}.Release|x64.Build.0 = Release|x64
		{736AE1A6-14A7-490D-A8B6-8EB0B6A18969}.Release|x86.ActiveCfg = Release|Win32
		{736AE1A6-14A7-490D-A8B6-8EB0B6A18969}.Release|x86.Build.0 = Release|Win32
		{7BFFF9CE-4D9D-4031-AC65-29391D21E2A6}.Debug|Any CPU.ActiveCfg = Debug|Any CPU
		{7BFFF9CE-4D9D-4031-AC65-29391D21E2A6}.Debug|Any CPU.Build.0 = Debug|Any CPU
		{7BFFF9CE-4D9D-4031-AC65-29391D21E2A6}.Debug|Mixed Platforms.ActiveCfg = Debug|Any CPU
		{7BFFF9CE-4D9D-4031-AC65-29391D21E2A6}.Debug|Mixed Platforms.Build.0 = Debug|Any CPU
		{7BFFF9CE-4D9D-4031-AC65-29391D21E2A6}.Debug|x64.ActiveCfg = Debug|x86
		{7BFFF9CE-4D9D-4031-AC65-29391D21E2A6}.Debug|x86.ActiveCfg = Debug|x86
		{7BFFF9CE-4D9D-4031-AC65-29391D21E2A6}.Debug|x86.Build.0 = Debug|x86
		{7BFFF9CE-4D9D-4031-AC65-29391D21E2A6}.Release|Any CPU.ActiveCfg = Release|Any CPU
		{7BFFF9CE-4D9D-4031-AC65-29391D21E2A6}.Release|Any CPU.Build.0 = Release|Any CPU
		{7BFFF9CE-4D9D-4031-AC65-29391D21E2A6}.Release|Mixed Platforms.ActiveCfg = Release|Any CPU
		{7BFFF9CE-4D9D-4031-AC65-29391D21E2A6}.Release|Mixed Platforms.Build.0 = Release|Any CPU
		{7BFFF9CE-4D9D-4031-AC65-29391D21E2A6}.Release|x64.ActiveCfg = Release|Any CPU
		{7BFFF9CE-4D9D-4031-AC65-29391D21E2A6}.Release|x64.Build.0 = Release|Any CPU
		{7BFFF9CE-4D9D-4031-AC65-29391D21E2A6}.Release|x86.ActiveCfg = Release|x86
		{7BFFF9CE-4D9D-4031-AC65-29391D21E2A6}.Release|x86.Build.0 = Release|x86
		{1CC0F417-DC60-4FCB-B54B-D947F5B9E587}.Debug|Any CPU.ActiveCfg = Debug|Any CPU
		{1CC0F417-DC60-4FCB-B54B-D947F5B9E587}.Debug|Any CPU.Build.0 = Debug|Any CPU
		{1CC0F417-DC60-4FCB-B54B-D947F5B9E587}.Debug|Mixed Platforms.ActiveCfg = Debug|x86
		{1CC0F417-DC60-4FCB-B54B-D947F5B9E587}.Debug|Mixed Platforms.Build.0 = Debug|x86
		{1CC0F417-DC60-4FCB-B54B-D947F5B9E587}.Debug|x64.ActiveCfg = Debug|x64
		{1CC0F417-DC60-4FCB-B54B-D947F5B9E587}.Debug|x64.Build.0 = Debug|x64
		{1CC0F417-DC60-4FCB-B54B-D947F5B9E587}.Debug|x86.ActiveCfg = Debug|x86
		{1CC0F417-DC60-4FCB-B54B-D947F5B9E587}.Debug|x86.Build.0 = Debug|x86
		{1CC0F417-DC60-4FCB-B54B-D947F5B9E587}.Release|Any CPU.ActiveCfg = Release|Any CPU
		{1CC0F417-DC60-4FCB-B54B-D947F5B9E587}.Release|Any CPU.Build.0 = Release|Any CPU
		{1CC0F417-DC60-4FCB-B54B-D947F5B9E587}.Release|Mixed Platforms.ActiveCfg = Release|x86
		{1CC0F417-DC60-4FCB-B54B-D947F5B9E587}.Release|Mixed Platforms.Build.0 = Release|x86
		{1CC0F417-DC60-4FCB-B54B-D947F5B9E587}.Release|x64.ActiveCfg = Release|x64
		{1CC0F417-DC60-4FCB-B54B-D947F5B9E587}.Release|x64.Build.0 = Release|x64
		{1CC0F417-DC60-4FCB-B54B-D947F5B9E587}.Release|x86.ActiveCfg = Release|x86
		{1CC0F417-DC60-4FCB-B54B-D947F5B9E587}.Release|x86.Build.0 = Release|x86
		{35A5C415-0906-4AC7-B0F6-FE3CCA884AD9}.Debug|Any CPU.ActiveCfg = Debug|Any CPU
		{35A5C415-0906-4AC7-B0F6-FE3CCA884AD9}.Debug|Any CPU.Build.0 = Debug|Any CPU
		{35A5C415-0906-4AC7-B0F6-FE3CCA884AD9}.Debug|Mixed Platforms.ActiveCfg = Debug|x86
		{35A5C415-0906-4AC7-B0F6-FE3CCA884AD9}.Debug|Mixed Platforms.Build.0 = Debug|x86
		{35A5C415-0906-4AC7-B0F6-FE3CCA884AD9}.Debug|x64.ActiveCfg = Debug|x64
		{35A5C415-0906-4AC7-B0F6-FE3CCA884AD9}.Debug|x64.Build.0 = Debug|x64
		{35A5C415-0906-4AC7-B0F6-FE3CCA884AD9}.Debug|x86.ActiveCfg = Debug|x86
		{35A5C415-0906-4AC7-B0F6-FE3CCA884AD9}.Debug|x86.Build.0 = Debug|x86
		{35A5C415-0906-4AC7-B0F6-FE3CCA884AD9}.Release|Any CPU.ActiveCfg = Release|Any CPU
		{35A5C415-0906-4AC7-B0F6-FE3CCA884AD9}.Release|Any CPU.Build.0 = Release|Any CPU
		{35A5C415-0906-4AC7-B0F6-FE3CCA884AD9}.Release|Mixed Platforms.ActiveCfg = Release|x86
		{35A5C415-0906-4AC7-B0F6-FE3CCA884AD9}.Release|Mixed Platforms.Build.0 = Release|x86
		{35A5C415-0906-4AC7-B0F6-FE3CCA884AD9}.Release|x64.ActiveCfg = Release|x64
		{35A5C415-0906-4AC7-B0F6-FE3CCA884AD9}.Release|x64.Build.0 = Release|x64
		{35A5C415-0906-4AC7-B0F6-FE3CCA884AD9}.Release|x86.ActiveCfg = Release|x86
		{35A5C415-0906-4AC7-B0F6-FE3CCA884AD9}.Release|x86.Build.0 = Release|x86
		{2EC1EB15-69FB-40DB-A698-3EE6C32535CE}.Debug|Any CPU.ActiveCfg = Debug|Any CPU
		{2EC1EB15-69FB-40DB-A698-3EE6C32535CE}.Debug|Any CPU.Build.0 = Debug|Any CPU
		{2EC1EB15-69FB-40DB-A698-3EE6C32535CE}.Debug|Mixed Platforms.ActiveCfg = Debug|Any CPU
		{2EC1EB15-69FB-40DB-A698-3EE6C32535CE}.Debug|Mixed Platforms.Build.0 = Debug|Any CPU
		{2EC1EB15-69FB-40DB-A698-3EE6C32535CE}.Debug|x64.ActiveCfg = Debug|x64
		{2EC1EB15-69FB-40DB-A698-3EE6C32535CE}.Debug|x64.Build.0 = Debug|x64
		{2EC1EB15-69FB-40DB-A698-3EE6C32535CE}.Debug|x86.ActiveCfg = Debug|Any CPU
		{2EC1EB15-69FB-40DB-A698-3EE6C32535CE}.Debug|x86.Build.0 = Debug|Any CPU
		{2EC1EB15-69FB-40DB-A698-3EE6C32535CE}.Release|Any CPU.ActiveCfg = Release|Any CPU
		{2EC1EB15-69FB-40DB-A698-3EE6C32535CE}.Release|Any CPU.Build.0 = Release|Any CPU
		{2EC1EB15-69FB-40DB-A698-3EE6C32535CE}.Release|Mixed Platforms.ActiveCfg = Release|Any CPU
		{2EC1EB15-69FB-40DB-A698-3EE6C32535CE}.Release|Mixed Platforms.Build.0 = Release|Any CPU
		{2EC1EB15-69FB-40DB-A698-3EE6C32535CE}.Release|x64.ActiveCfg = Release|x64
		{2EC1EB15-69FB-40DB-A698-3EE6C32535CE}.Release|x64.Build.0 = Release|x64
		{2EC1EB15-69FB-40DB-A698-3EE6C32535CE}.Release|x86.ActiveCfg = Release|Any CPU
		{2EC1EB15-69FB-40DB-A698-3EE6C32535CE}.Release|x86.Build.0 = Release|Any CPU
	EndGlobalSection
	GlobalSection(SolutionProperties) = preSolution
		HideSolutionNode = FALSE
	EndGlobalSection
	GlobalSection(ExtensibilityGlobals) = postSolution
		SolutionGuid = {AA873EF5-F46C-483C-B584-C943F26E6B5B}
	EndGlobalSection
EndGlobal
